
Microsoft Visual Studio Solution File, Format Version 12.00
# Visual Studio Version 16
VisualStudioVersion = 16.0.34407.143
MinimumVisualStudioVersion = 10.0.40219.1
Project("{FAE04EC0-301F-11D3-BF4B-00C04F79EFBC}") = "AddOnIntercompany", "AddOnIntercompany.csproj", "{65B2578E-E958-4802-B1DB-16795C78E2C9}"
EndProject
Global
	GlobalSection(SolutionConfigurationPlatforms) = preSolution
		Debug|Any CPU = Debug|Any CPU
		Release|Any CPU = Release|Any CPU
	EndGlobalSection
	GlobalSection(ProjectConfigurationPlatforms) = postSolution
		{65B2578E-E958-4802-B1DB-16795C78E2C9}.Debug|Any CPU.ActiveCfg = Debug|Any CPU
		{65B2578E-E958-4802-B1DB-16795C78E2C9}.Debug|Any CPU.Build.0 = Debug|Any CPU
		{65B2578E-E958-4802-B1DB-16795C78E2C9}.Release|Any CPU.ActiveCfg = Release|Any CPU
		{65B2578E-E958-4802-B1DB-16795C78E2C9}.Release|Any CPU.Build.0 = Release|Any CPU
	EndGlobalSection
	GlobalSection(SolutionProperties) = preSolution
		HideSolutionNode = FALSE
	EndGlobalSection
	GlobalSection(ExtensibilityGlobals) = postSolution
		SolutionGuid = {6213BA98-6E27-40F3-B891-6C8EE5FB6B59}
	EndGlobalSection
EndGlobal
